
Microsoft Visual Studio Solution File, Format Version 12.00
# Visual Studio Version 16
VisualStudioVersion = 16.0.31624.102
MinimumVisualStudioVersion = 10.0.40219.1
Project("{9A19103F-16F7-4668-BE54-9A1E7A4F7556}") = "Figures", "Figures\Figures.csproj", "{D1C80862-2951-40E8-9A92-031B746172FF}"
EndProject
Project("{FAE04EC0-301F-11D3-BF4B-00C04F79EFBC}") = "LibraryTests", "LibraryTests\LibraryTests.csproj", "{F6F669EA-0239-435A-87F7-84FA177CBD0D}"
EndProject
Global
	GlobalSection(SolutionConfigurationPlatforms) = preSolution
		Debug|Any CPU = Debug|Any CPU
		Release|Any CPU = Release|Any CPU
	EndGlobalSection
	GlobalSection(ProjectConfigurationPlatforms) = postSolution
		{D1C80862-2951-40E8-9A92-031B746172FF}.Debug|Any CPU.ActiveCfg = Debug|Any CPU
		{D1C80862-2951-40E8-9A92-031B746172FF}.Debug|Any CPU.Build.0 = Debug|Any CPU
		{D1C80862-2951-40E8-9A92-031B746172FF}.Release|Any CPU.ActiveCfg = Release|Any CPU
		{D1C80862-2951-40E8-9A92-031B746172FF}.Release|Any CPU.Build.0 = Release|Any CPU
		{F6F669EA-0239-435A-87F7-84FA177CBD0D}.Debug|Any CPU.ActiveCfg = Debug|Any CPU
		{F6F669EA-0239-435A-87F7-84FA177CBD0D}.Debug|Any CPU.Build.0 = Debug|Any CPU
		{F6F669EA-0239-435A-87F7-84FA177CBD0D}.Release|Any CPU.ActiveCfg = Release|Any CPU
		{F6F669EA-0239-435A-87F7-84FA177CBD0D}.Release|Any CPU.Build.0 = Release|Any CPU
	EndGlobalSection
	GlobalSection(SolutionProperties) = preSolution
		HideSolutionNode = FALSE
	EndGlobalSection
	GlobalSection(ExtensibilityGlobals) = postSolution
		SolutionGuid = {799D8752-A34A-404E-A920-5CFE8E62A3F1}
	EndGlobalSection
EndGlobal
